
Microsoft Visual Studio Solution File, Format Version 12.00
# Visual Studio 15
VisualStudioVersion = 15.0.28307.779
MinimumVisualStudioVersion = 10.0.40219.1
Project("{FAE04EC0-301F-11D3-BF4B-00C04F79EFBC}") = "IvykiaiAnalizeReview", "IvykiaiAnalizeReview\IvykiaiAnalizeReview.csproj", "{5D2EE1D2-D161-4E76-9C2D-96C1B213136A}"
EndProject
Global
	GlobalSection(SolutionConfigurationPlatforms) = preSolution
		Debug|Any CPU = Debug|Any CPU
		Release|Any CPU = Release|Any CPU
	EndGlobalSection
	GlobalSection(ProjectConfigurationPlatforms) = postSolution
		{5D2EE1D2-D161-4E76-9C2D-96C1B213136A}.Debug|Any CPU.ActiveCfg = Debug|Any CPU
		{5D2EE1D2-D161-4E76-9C2D-96C1B213136A}.Debug|Any CPU.Build.0 = Debug|Any CPU
		{5D2EE1D2-D161-4E76-9C2D-96C1B213136A}.Release|Any CPU.ActiveCfg = Release|Any CPU
		{5D2EE1D2-D161-4E76-9C2D-96C1B213136A}.Release|Any CPU.Build.0 = Release|Any CPU
	EndGlobalSection
	GlobalSection(SolutionProperties) = preSolution
		HideSolutionNode = FALSE
	EndGlobalSection
	GlobalSection(ExtensibilityGlobals) = postSolution
		SolutionGuid = {2630C067-8BBD-48A2-A174-FBC12906A44A}
	EndGlobalSection
EndGlobal
