
Microsoft Visual Studio Solution File, Format Version 12.00
# Visual Studio 15
VisualStudioVersion = 15.0.28307.779
MinimumVisualStudioVersion = 10.0.40219.1
Project("{FAE04EC0-301F-11D3-BF4B-00C04F79EFBC}") = "Vartotojai", "Vartotojai\Vartotojai.csproj", "{062710DD-37BE-42A4-B7FD-A6A69ACFFA0F}"
EndProject
Global
	GlobalSection(SolutionConfigurationPlatforms) = preSolution
		Debug|Any CPU = Debug|Any CPU
		Release|Any CPU = Release|Any CPU
	EndGlobalSection
	GlobalSection(ProjectConfigurationPlatforms) = postSolution
		{062710DD-37BE-42A4-B7FD-A6A69ACFFA0F}.Debug|Any CPU.ActiveCfg = Debug|Any CPU
		{062710DD-37BE-42A4-B7FD-A6A69ACFFA0F}.Debug|Any CPU.Build.0 = Debug|Any CPU
		{062710DD-37BE-42A4-B7FD-A6A69ACFFA0F}.Release|Any CPU.ActiveCfg = Release|Any CPU
		{062710DD-37BE-42A4-B7FD-A6A69ACFFA0F}.Release|Any CPU.Build.0 = Release|Any CPU
	EndGlobalSection
	GlobalSection(SolutionProperties) = preSolution
		HideSolutionNode = FALSE
	EndGlobalSection
	GlobalSection(ExtensibilityGlobals) = postSolution
		SolutionGuid = {F13BDE21-911D-4F96-8B3C-DE8C6A46FD15}
	EndGlobalSection
EndGlobal
