
Microsoft Visual Studio Solution File, Format Version 12.00
# Visual Studio 15
VisualStudioVersion = 15.0.28307.852
MinimumVisualStudioVersion = 10.0.40219.1
Project("{FAE04EC0-301F-11D3-BF4B-00C04F79EFBC}") = "HttpUzklausa", "HttpUzklausa\HttpUzklausa.csproj", "{FFEB73E8-FAA5-47FD-83EE-31F112373900}"
EndProject
Global
	GlobalSection(SolutionConfigurationPlatforms) = preSolution
		Debug|Any CPU = Debug|Any CPU
		Release|Any CPU = Release|Any CPU
	EndGlobalSection
	GlobalSection(ProjectConfigurationPlatforms) = postSolution
		{FFEB73E8-FAA5-47FD-83EE-31F112373900}.Debug|Any CPU.ActiveCfg = Debug|Any CPU
		{FFEB73E8-FAA5-47FD-83EE-31F112373900}.Debug|Any CPU.Build.0 = Debug|Any CPU
		{FFEB73E8-FAA5-47FD-83EE-31F112373900}.Release|Any CPU.ActiveCfg = Release|Any CPU
		{FFEB73E8-FAA5-47FD-83EE-31F112373900}.Release|Any CPU.Build.0 = Release|Any CPU
	EndGlobalSection
	GlobalSection(SolutionProperties) = preSolution
		HideSolutionNode = FALSE
	EndGlobalSection
	GlobalSection(ExtensibilityGlobals) = postSolution
		SolutionGuid = {8471FF01-F003-4D4C-B94B-14F6750FBA84}
	EndGlobalSection
EndGlobal
