
Microsoft Visual Studio Solution File, Format Version 12.00
# Visual Studio 15
VisualStudioVersion = 15.0.28307.852
MinimumVisualStudioVersion = 10.0.40219.1
Project("{FAE04EC0-301F-11D3-BF4B-00C04F79EFBC}") = "Singleton", "Singleton\Singleton.csproj", "{41FEDA75-0655-4339-B4FE-43B7AB923CE0}"
EndProject
Global
	GlobalSection(SolutionConfigurationPlatforms) = preSolution
		Debug|Any CPU = Debug|Any CPU
		Release|Any CPU = Release|Any CPU
	EndGlobalSection
	GlobalSection(ProjectConfigurationPlatforms) = postSolution
		{41FEDA75-0655-4339-B4FE-43B7AB923CE0}.Debug|Any CPU.ActiveCfg = Debug|Any CPU
		{41FEDA75-0655-4339-B4FE-43B7AB923CE0}.Debug|Any CPU.Build.0 = Debug|Any CPU
		{41FEDA75-0655-4339-B4FE-43B7AB923CE0}.Release|Any CPU.ActiveCfg = Release|Any CPU
		{41FEDA75-0655-4339-B4FE-43B7AB923CE0}.Release|Any CPU.Build.0 = Release|Any CPU
	EndGlobalSection
	GlobalSection(SolutionProperties) = preSolution
		HideSolutionNode = FALSE
	EndGlobalSection
	GlobalSection(ExtensibilityGlobals) = postSolution
		SolutionGuid = {3A5BE962-9C32-4A24-BFC7-BF2A528E6F71}
	EndGlobalSection
EndGlobal
