
Microsoft Visual Studio Solution File, Format Version 12.00
# Visual Studio 15
VisualStudioVersion = 15.0.28307.852
MinimumVisualStudioVersion = 10.0.40219.1
Project("{FAE04EC0-301F-11D3-BF4B-00C04F79EFBC}") = "Rezervacijo", "Rezervacijo\Rezervacijo.csproj", "{FF07EFD2-97DF-4862-B1BF-B35C9C3395DE}"
EndProject
Global
	GlobalSection(SolutionConfigurationPlatforms) = preSolution
		Debug|Any CPU = Debug|Any CPU
		Release|Any CPU = Release|Any CPU
	EndGlobalSection
	GlobalSection(ProjectConfigurationPlatforms) = postSolution
		{FF07EFD2-97DF-4862-B1BF-B35C9C3395DE}.Debug|Any CPU.ActiveCfg = Debug|Any CPU
		{FF07EFD2-97DF-4862-B1BF-B35C9C3395DE}.Debug|Any CPU.Build.0 = Debug|Any CPU
		{FF07EFD2-97DF-4862-B1BF-B35C9C3395DE}.Release|Any CPU.ActiveCfg = Release|Any CPU
		{FF07EFD2-97DF-4862-B1BF-B35C9C3395DE}.Release|Any CPU.Build.0 = Release|Any CPU
	EndGlobalSection
	GlobalSection(SolutionProperties) = preSolution
		HideSolutionNode = FALSE
	EndGlobalSection
	GlobalSection(ExtensibilityGlobals) = postSolution
		SolutionGuid = {566A392D-FC35-49ED-9B4B-87E75850DC6F}
	EndGlobalSection
EndGlobal
