
Microsoft Visual Studio Solution File, Format Version 12.00
# Visual Studio 15
VisualStudioVersion = 15.0.28307.779
MinimumVisualStudioVersion = 10.0.40219.1
Project("{FAE04EC0-301F-11D3-BF4B-00C04F79EFBC}") = "FuncPavyzdziai", "FuncPavyzdziai\FuncPavyzdziai.csproj", "{E86B3A90-2DAC-4882-97A3-5CA4FBECB6F3}"
EndProject
Global
	GlobalSection(SolutionConfigurationPlatforms) = preSolution
		Debug|Any CPU = Debug|Any CPU
		Release|Any CPU = Release|Any CPU
	EndGlobalSection
	GlobalSection(ProjectConfigurationPlatforms) = postSolution
		{E86B3A90-2DAC-4882-97A3-5CA4FBECB6F3}.Debug|Any CPU.ActiveCfg = Debug|Any CPU
		{E86B3A90-2DAC-4882-97A3-5CA4FBECB6F3}.Debug|Any CPU.Build.0 = Debug|Any CPU
		{E86B3A90-2DAC-4882-97A3-5CA4FBECB6F3}.Release|Any CPU.ActiveCfg = Release|Any CPU
		{E86B3A90-2DAC-4882-97A3-5CA4FBECB6F3}.Release|Any CPU.Build.0 = Release|Any CPU
	EndGlobalSection
	GlobalSection(SolutionProperties) = preSolution
		HideSolutionNode = FALSE
	EndGlobalSection
	GlobalSection(ExtensibilityGlobals) = postSolution
		SolutionGuid = {2A083BC8-BF50-4FC9-BB6F-B10CE9789FBD}
	EndGlobalSection
EndGlobal
