
Microsoft Visual Studio Solution File, Format Version 12.00
# Visual Studio 15
VisualStudioVersion = 15.0.28307.779
MinimumVisualStudioVersion = 10.0.40219.1
Project("{FAE04EC0-301F-11D3-BF4B-00C04F79EFBC}") = "PaveldinciosKlasesPVZ", "PaveldinciosKlasesPVZ\PaveldinciosKlasesPVZ.csproj", "{A723A86A-1AED-43B7-A6D7-80CBCDE29AD8}"
EndProject
Global
	GlobalSection(SolutionConfigurationPlatforms) = preSolution
		Debug|Any CPU = Debug|Any CPU
		Release|Any CPU = Release|Any CPU
	EndGlobalSection
	GlobalSection(ProjectConfigurationPlatforms) = postSolution
		{A723A86A-1AED-43B7-A6D7-80CBCDE29AD8}.Debug|Any CPU.ActiveCfg = Debug|Any CPU
		{A723A86A-1AED-43B7-A6D7-80CBCDE29AD8}.Debug|Any CPU.Build.0 = Debug|Any CPU
		{A723A86A-1AED-43B7-A6D7-80CBCDE29AD8}.Release|Any CPU.ActiveCfg = Release|Any CPU
		{A723A86A-1AED-43B7-A6D7-80CBCDE29AD8}.Release|Any CPU.Build.0 = Release|Any CPU
	EndGlobalSection
	GlobalSection(SolutionProperties) = preSolution
		HideSolutionNode = FALSE
	EndGlobalSection
	GlobalSection(ExtensibilityGlobals) = postSolution
		SolutionGuid = {0B69550F-329F-4D7F-936A-B1D8FF578D77}
	EndGlobalSection
EndGlobal
