
Microsoft Visual Studio Solution File, Format Version 12.00
# Visual Studio 15
VisualStudioVersion = 15.0.28307.779
MinimumVisualStudioVersion = 10.0.40219.1
Project("{FAE04EC0-301F-11D3-BF4B-00C04F79EFBC}") = "WindowsFormsApp1", "WindowsFormsApp1\WindowsFormsApp1.csproj", "{47F4B8FF-EF5E-452A-96D2-149ABED3EAE2}"
EndProject
Global
	GlobalSection(SolutionConfigurationPlatforms) = preSolution
		Debug|Any CPU = Debug|Any CPU
		Release|Any CPU = Release|Any CPU
	EndGlobalSection
	GlobalSection(ProjectConfigurationPlatforms) = postSolution
		{47F4B8FF-EF5E-452A-96D2-149ABED3EAE2}.Debug|Any CPU.ActiveCfg = Debug|Any CPU
		{47F4B8FF-EF5E-452A-96D2-149ABED3EAE2}.Debug|Any CPU.Build.0 = Debug|Any CPU
		{47F4B8FF-EF5E-452A-96D2-149ABED3EAE2}.Release|Any CPU.ActiveCfg = Release|Any CPU
		{47F4B8FF-EF5E-452A-96D2-149ABED3EAE2}.Release|Any CPU.Build.0 = Release|Any CPU
	EndGlobalSection
	GlobalSection(SolutionProperties) = preSolution
		HideSolutionNode = FALSE
	EndGlobalSection
	GlobalSection(ExtensibilityGlobals) = postSolution
		SolutionGuid = {CC2BD316-6806-4C99-9330-AC8F254C73DB}
	EndGlobalSection
EndGlobal
